
Microsoft Visual Studio Solution File, Format Version 12.00
# Visual Studio Version 16
VisualStudioVersion = 16.0.29519.181
MinimumVisualStudioVersion = 10.0.40219.1
Project("{FAE04EC0-301F-11D3-BF4B-00C04F79EFBC}") = "WebApplication4", "WebApplication4\WebApplication4.csproj", "{4D398755-BF57-4B3E-BCF2-3BF8610CF1EA}"
EndProject
Global
	GlobalSection(SolutionConfigurationPlatforms) = preSolution
		Debug|Any CPU = Debug|Any CPU
		Release|Any CPU = Release|Any CPU
	EndGlobalSection
	GlobalSection(ProjectConfigurationPlatforms) = postSolution
		{4D398755-BF57-4B3E-BCF2-3BF8610CF1EA}.Debug|Any CPU.ActiveCfg = Debug|Any CPU
		{4D398755-BF57-4B3E-BCF2-3BF8610CF1EA}.Debug|Any CPU.Build.0 = Debug|Any CPU
		{4D398755-BF57-4B3E-BCF2-3BF8610CF1EA}.Release|Any CPU.ActiveCfg = Release|Any CPU
		{4D398755-BF57-4B3E-BCF2-3BF8610CF1EA}.Release|Any CPU.Build.0 = Release|Any CPU
	EndGlobalSection
	GlobalSection(SolutionProperties) = preSolution
		HideSolutionNode = FALSE
	EndGlobalSection
	GlobalSection(ExtensibilityGlobals) = postSolution
		SolutionGuid = {3DA7B350-0592-473F-A07E-C9EA08203CFB}
	EndGlobalSection
EndGlobal
